
Microsoft Visual Studio Solution File, Format Version 12.00
# Visual Studio 15
VisualStudioVersion = 15.0.27703.2026
MinimumVisualStudioVersion = 10.0.40219.1
Project("{FAE04EC0-301F-11D3-BF4B-00C04F79EFBC}") = "ExampleAppWithGit", "ExampleAppWithGit\ExampleAppWithGit.csproj", "{9198F86A-33B4-4BFA-A070-BE74AB0F5171}"
EndProject
Global
	GlobalSection(SolutionConfigurationPlatforms) = preSolution
		Debug|Any CPU = Debug|Any CPU
		Release|Any CPU = Release|Any CPU
	EndGlobalSection
	GlobalSection(ProjectConfigurationPlatforms) = postSolution
		{9198F86A-33B4-4BFA-A070-BE74AB0F5171}.Debug|Any CPU.ActiveCfg = Debug|Any CPU
		{9198F86A-33B4-4BFA-A070-BE74AB0F5171}.Debug|Any CPU.Build.0 = Debug|Any CPU
		{9198F86A-33B4-4BFA-A070-BE74AB0F5171}.Release|Any CPU.ActiveCfg = Release|Any CPU
		{9198F86A-33B4-4BFA-A070-BE74AB0F5171}.Release|Any CPU.Build.0 = Release|Any CPU
	EndGlobalSection
	GlobalSection(SolutionProperties) = preSolution
		HideSolutionNode = FALSE
	EndGlobalSection
	GlobalSection(ExtensibilityGlobals) = postSolution
		SolutionGuid = {34707BAC-898B-455D-956D-90F58F545E37}
	EndGlobalSection
EndGlobal
